// !$*UTF8*$!
{
	archiveVersion = 1;
	classes = {
	};
	objectVersion = 50;
	objects = {

/* Begin PBXBuildFile section */
		674BF11E272DAC31009E5AAF /* AppDelegate.swift in Sources */ = {isa = PBXBuildFile; fileRef = 674BF11D272DAC31009E5AAF /* AppDelegate.swift */; };
		674BF120272DAC31009E5AAF /* SceneDelegate.swift in Sources */ = {isa = PBXBuildFile; fileRef = 674BF11F272DAC31009E5AAF /* SceneDelegate.swift */; };
		674BF127272DAC33009E5AAF /* Assets.xcassets in Resources */ = {isa = PBXBuildFile; fileRef = 674BF126272DAC33009E5AAF /* Assets.xcassets */; };
		674BF12A272DAC33009E5AAF /* LaunchScreen.storyboard in Resources */ = {isa = PBXBuildFile; fileRef = 674BF128272DAC33009E5AAF /* LaunchScreen.storyboard */; };
		674BF135272DAC33009E5AAF /* Football_LiveTests.swift in Sources */ = {isa = PBXBuildFile; fileRef = 674BF134272DAC33009E5AAF /* Football_LiveTests.swift */; };
		674BF140272DAC33009E5AAF /* Football_LiveUITests.swift in Sources */ = {isa = PBXBuildFile; fileRef = 674BF13F272DAC33009E5AAF /* Football_LiveUITests.swift */; };
		674BF158272DBD05009E5AAF /* DateHelper.swift in Sources */ = {isa = PBXBuildFile; fileRef = 674BF157272DBD05009E5AAF /* DateHelper.swift */; };
		674BF1B5272DC238009E5AAF /* Football.xcdatamodeld in Sources */ = {isa = PBXBuildFile; fileRef = 674BF1B3272DC238009E5AAF /* Football.xcdatamodeld */; };
		674BF1BA272DC278009E5AAF /* CoreDataManager.swift in Sources */ = {isa = PBXBuildFile; fileRef = 674BF1B9272DC278009E5AAF /* CoreDataManager.swift */; };
		674BF1C0272DC2CD009E5AAF /* RootVC.swift in Sources */ = {isa = PBXBuildFile; fileRef = 674BF1BF272DC2CD009E5AAF /* RootVC.swift */; };
		674BF1CA272DC34D009E5AAF /* TabBarVC.swift in Sources */ = {isa = PBXBuildFile; fileRef = 674BF1C9272DC34D009E5AAF /* TabBarVC.swift */; };
		674BF1D0272DC37E009E5AAF /* TodayVC.swift in Sources */ = {isa = PBXBuildFile; fileRef = 674BF1CF272DC37E009E5AAF /* TodayVC.swift */; };
		674BF1D6272DC3B8009E5AAF /* FavoritesVC.swift in Sources */ = {isa = PBXBuildFile; fileRef = 674BF1D5272DC3B8009E5AAF /* FavoritesVC.swift */; };
		674BF1DE272DC3DC009E5AAF /* SearchTeamVC.swift in Sources */ = {isa = PBXBuildFile; fileRef = 674BF1DD272DC3DC009E5AAF /* SearchTeamVC.swift */; };
		674BF1E6272DC454009E5AAF /* DatePickerVC.swift in Sources */ = {isa = PBXBuildFile; fileRef = 674BF1E5272DC454009E5AAF /* DatePickerVC.swift */; };
		674BF1EE272DC473009E5AAF /* DateTableViewCell.swift in Sources */ = {isa = PBXBuildFile; fileRef = 674BF1ED272DC473009E5AAF /* DateTableViewCell.swift */; };
		674BF1F3272DC48D009E5AAF /* DatePickerTableViewCell.swift in Sources */ = {isa = PBXBuildFile; fileRef = 674BF1F2272DC48D009E5AAF /* DatePickerTableViewCell.swift */; };
		674BF1F9272DC4BF009E5AAF /* TeamDescriptionVC.swift in Sources */ = {isa = PBXBuildFile; fileRef = 674BF1F8272DC4BF009E5AAF /* TeamDescriptionVC.swift */; };
		674BF201272DC4D4009E5AAF /* TeamDetailVC.swift in Sources */ = {isa = PBXBuildFile; fileRef = 674BF200272DC4D4009E5AAF /* TeamDetailVC.swift */; };
		674BF207272DC500009E5AAF /* MatchOverviewCell.swift in Sources */ = {isa = PBXBuildFile; fileRef = 674BF206272DC500009E5AAF /* MatchOverviewCell.swift */; };
		674BF210272DC553009E5AAF /* ModelMatchesResponse.swift in Sources */ = {isa = PBXBuildFile; fileRef = 674BF20F272DC553009E5AAF /* ModelMatchesResponse.swift */; };
		674BF215272DC56C009E5AAF /* ModelMatch.swift in Sources */ = {isa = PBXBuildFile; fileRef = 674BF214272DC56C009E5AAF /* ModelMatch.swift */; };
		674BF21A272DC581009E5AAF /* ModelCompetition.swift in Sources */ = {isa = PBXBuildFile; fileRef = 674BF219272DC581009E5AAF /* ModelCompetition.swift */; };
		674BF21F272DC59F009E5AAF /* ModelScore.swift in Sources */ = {isa = PBXBuildFile; fileRef = 674BF21E272DC59F009E5AAF /* ModelScore.swift */; };
		674BF224272DC5B2009E5AAF /* ModelFullTime.swift in Sources */ = {isa = PBXBuildFile; fileRef = 674BF223272DC5B2009E5AAF /* ModelFullTime.swift */; };
		674BF229272DC5C4009E5AAF /* ModelTeamDescription.swift in Sources */ = {isa = PBXBuildFile; fileRef = 674BF228272DC5C4009E5AAF /* ModelTeamDescription.swift */; };
		674BF22E272DC5EA009E5AAF /* ModelActiveCompetition.swift in Sources */ = {isa = PBXBuildFile; fileRef = 674BF22D272DC5EA009E5AAF /* ModelActiveCompetition.swift */; };
		674BF233272DC5FA009E5AAF /* ModelPlayer.swift in Sources */ = {isa = PBXBuildFile; fileRef = 674BF232272DC5FA009E5AAF /* ModelPlayer.swift */; };
		674BF238272DC60C009E5AAF /* ModelTeams.swift in Sources */ = {isa = PBXBuildFile; fileRef = 674BF237272DC60C009E5AAF /* ModelTeams.swift */; };
		674BF23E272DC70A009E5AAF /* NetworkManager.swift in Sources */ = {isa = PBXBuildFile; fileRef = 674BF23D272DC70A009E5AAF /* NetworkManager.swift */; };
		674BF246272DC72E009E5AAF /* Area.swift in Sources */ = {isa = PBXBuildFile; fileRef = 674BF245272DC72E009E5AAF /* Area.swift */; };
		674BF24B272DC74C009E5AAF /* ColorsForMatchState.swift in Sources */ = {isa = PBXBuildFile; fileRef = 674BF24A272DC74C009E5AAF /* ColorsForMatchState.swift */; };
/* End PBXBuildFile section */

/* Begin PBXContainerItemProxy section */
		674BF131272DAC33009E5AAF /* PBXContainerItemProxy */ = {
			isa = PBXContainerItemProxy;
			containerPortal = 674BF112272DAC31009E5AAF /* Project object */;
			proxyType = 1;
			remoteGlobalIDString = 674BF119272DAC31009E5AAF;
			remoteInfo = "Football Live";
		};
		674BF13C272DAC33009E5AAF /* PBXContainerItemProxy */ = {
			isa = PBXContainerItemProxy;
			containerPortal = 674BF112272DAC31009E5AAF /* Project object */;
			proxyType = 1;
			remoteGlobalIDString = 674BF119272DAC31009E5AAF;
			remoteInfo = "Football Live";
		};
/* End PBXContainerItemProxy section */

/* Begin PBXFileReference section */
		674BF11A272DAC31009E5AAF /* Football Live.app */ = {isa = PBXFileReference; explicitFileType = wrapper.application; includeInIndex = 0; path = "Football Live.app"; sourceTree = BUILT_PRODUCTS_DIR; };
		674BF11D272DAC31009E5AAF /* AppDelegate.swift */ = {isa = PBXFileReference; lastKnownFileType = sourcecode.swift; path = AppDelegate.swift; sourceTree = "<group>"; };
		674BF11F272DAC31009E5AAF /* SceneDelegate.swift */ = {isa = PBXFileReference; lastKnownFileType = sourcecode.swift; path = SceneDelegate.swift; sourceTree = "<group>"; };
		674BF126272DAC33009E5AAF /* Assets.xcassets */ = {isa = PBXFileReference; lastKnownFileType = folder.assetcatalog; path = Assets.xcassets; sourceTree = "<group>"; };
		674BF129272DAC33009E5AAF /* Base */ = {isa = PBXFileReference; lastKnownFileType = file.storyboard; name = Base; path = Base.lproj/LaunchScreen.storyboard; sourceTree = "<group>"; };
		674BF12B272DAC33009E5AAF /* Info.plist */ = {isa = PBXFileReference; lastKnownFileType = text.plist.xml; path = Info.plist; sourceTree = "<group>"; };
		674BF130272DAC33009E5AAF /* Football LiveTests.xctest */ = {isa = PBXFileReference; explicitFileType = wrapper.cfbundle; includeInIndex = 0; path = "Football LiveTests.xctest"; sourceTree = BUILT_PRODUCTS_DIR; };
		674BF134272DAC33009E5AAF /* Football_LiveTests.swift */ = {isa = PBXFileReference; lastKnownFileType = sourcecode.swift; path = Football_LiveTests.swift; sourceTree = "<group>"; };
		674BF136272DAC33009E5AAF /* Info.plist */ = {isa = PBXFileReference; lastKnownFileType = text.plist.xml; path = Info.plist; sourceTree = "<group>"; };
		674BF13B272DAC33009E5AAF /* Football LiveUITests.xctest */ = {isa = PBXFileReference; explicitFileType = wrapper.cfbundle; includeInIndex = 0; path = "Football LiveUITests.xctest"; sourceTree = BUILT_PRODUCTS_DIR; };
		674BF13F272DAC33009E5AAF /* Football_LiveUITests.swift */ = {isa = PBXFileReference; lastKnownFileType = sourcecode.swift; path = Football_LiveUITests.swift; sourceTree = "<group>"; };
		674BF141272DAC33009E5AAF /* Info.plist */ = {isa = PBXFileReference; lastKnownFileType = text.plist.xml; path = Info.plist; sourceTree = "<group>"; };
		674BF157272DBD05009E5AAF /* DateHelper.swift */ = {isa = PBXFileReference; lastKnownFileType = sourcecode.swift; path = DateHelper.swift; sourceTree = "<group>"; };
		674BF1B4272DC238009E5AAF /* Football.xcdatamodel */ = {isa = PBXFileReference; lastKnownFileType = wrapper.xcdatamodel; path = Football.xcdatamodel; sourceTree = "<group>"; };
		674BF1B9272DC278009E5AAF /* CoreDataManager.swift */ = {isa = PBXFileReference; lastKnownFileType = sourcecode.swift; path = CoreDataManager.swift; sourceTree = "<group>"; };
		674BF1BF272DC2CD009E5AAF /* RootVC.swift */ = {isa = PBXFileReference; lastKnownFileType = sourcecode.swift; path = RootVC.swift; sourceTree = "<group>"; };
		674BF1C9272DC34D009E5AAF /* TabBarVC.swift */ = {isa = PBXFileReference; lastKnownFileType = sourcecode.swift; path = TabBarVC.swift; sourceTree = "<group>"; };
		674BF1CF272DC37E009E5AAF /* TodayVC.swift */ = {isa = PBXFileReference; lastKnownFileType = sourcecode.swift; path = TodayVC.swift; sourceTree = "<group>"; };
		674BF1D5272DC3B8009E5AAF /* FavoritesVC.swift */ = {isa = PBXFileReference; lastKnownFileType = sourcecode.swift; path = FavoritesVC.swift; sourceTree = "<group>"; };
		674BF1DD272DC3DC009E5AAF /* SearchTeamVC.swift */ = {isa = PBXFileReference; lastKnownFileType = sourcecode.swift; path = SearchTeamVC.swift; sourceTree = "<group>"; };
		674BF1E5272DC454009E5AAF /* DatePickerVC.swift */ = {isa = PBXFileReference; lastKnownFileType = sourcecode.swift; path = DatePickerVC.swift; sourceTree = "<group>"; };
		674BF1ED272DC473009E5AAF /* DateTableViewCell.swift */ = {isa = PBXFileReference; lastKnownFileType = sourcecode.swift; path = DateTableViewCell.swift; sourceTree = "<group>"; };
		674BF1F2272DC48D009E5AAF /* DatePickerTableViewCell.swift */ = {isa = PBXFileReference; lastKnownFileType = sourcecode.swift; path = DatePickerTableViewCell.swift; sourceTree = "<group>"; };
		674BF1F8272DC4BF009E5AAF /* TeamDescriptionVC.swift */ = {isa = PBXFileReference; lastKnownFileType = sourcecode.swift; path = TeamDescriptionVC.swift; sourceTree = "<group>"; };
		674BF200272DC4D4009E5AAF /* TeamDetailVC.swift */ = {isa = PBXFileReference; lastKnownFileType = sourcecode.swift; path = TeamDetailVC.swift; sourceTree = "<group>"; };
		674BF206272DC500009E5AAF /* MatchOverviewCell.swift */ = {isa = PBXFileReference; lastKnownFileType = sourcecode.swift; path = MatchOverviewCell.swift; sourceTree = "<group>"; };
		674BF20F272DC553009E5AAF /* ModelMatchesResponse.swift */ = {isa = PBXFileReference; lastKnownFileType = sourcecode.swift; path = ModelMatchesResponse.swift; sourceTree = "<group>"; };
		674BF214272DC56C009E5AAF /* ModelMatch.swift */ = {isa = PBXFileReference; lastKnownFileType = sourcecode.swift; path = ModelMatch.swift; sourceTree = "<group>"; };
		674BF219272DC581009E5AAF /* ModelCompetition.swift */ = {isa = PBXFileReference; lastKnownFileType = sourcecode.swift; path = ModelCompetition.swift; sourceTree = "<group>"; };
		674BF21E272DC59F009E5AAF /* ModelScore.swift */ = {isa = PBXFileReference; lastKnownFileType = sourcecode.swift; path = ModelScore.swift; sourceTree = "<group>"; };
		674BF223272DC5B2009E5AAF /* ModelFullTime.swift */ = {isa = PBXFileReference; lastKnownFileType = sourcecode.swift; path = ModelFullTime.swift; sourceTree = "<group>"; };
		674BF228272DC5C4009E5AAF /* ModelTeamDescription.swift */ = {isa = PBXFileReference; lastKnownFileType = sourcecode.swift; path = ModelTeamDescription.swift; sourceTree = "<group>"; };
		674BF22D272DC5EA009E5AAF /* ModelActiveCompetition.swift */ = {isa = PBXFileReference; lastKnownFileType = sourcecode.swift; path = ModelActiveCompetition.swift; sourceTree = "<group>"; };
		674BF232272DC5FA009E5AAF /* ModelPlayer.swift */ = {isa = PBXFileReference; lastKnownFileType = sourcecode.swift; path = ModelPlayer.swift; sourceTree = "<group>"; };
		674BF237272DC60C009E5AAF /* ModelTeams.swift */ = {isa = PBXFileReference; lastKnownFileType = sourcecode.swift; path = ModelTeams.swift; sourceTree = "<group>"; };
		674BF23D272DC70A009E5AAF /* NetworkManager.swift */ = {isa = PBXFileReference; lastKnownFileType = sourcecode.swift; path = NetworkManager.swift; sourceTree = "<group>"; };
		674BF245272DC72E009E5AAF /* Area.swift */ = {isa = PBXFileReference; lastKnownFileType = sourcecode.swift; path = Area.swift; sourceTree = "<group>"; };
		674BF24A272DC74C009E5AAF /* ColorsForMatchState.swift */ = {isa = PBXFileReference; lastKnownFileType = sourcecode.swift; path = ColorsForMatchState.swift; sourceTree = "<group>"; };
/* End PBXFileReference section */

/* Begin PBXFrameworksBuildPhase section */
		674BF117272DAC31009E5AAF /* Frameworks */ = {
			isa = PBXFrameworksBuildPhase;
			buildActionMask = 2147483647;
			files = (
			);
			runOnlyForDeploymentPostprocessing = 0;
		};
		674BF12D272DAC33009E5AAF /* Frameworks */ = {
			isa = PBXFrameworksBuildPhase;
			buildActionMask = 2147483647;
			files = (
			);
			runOnlyForDeploymentPostprocessing = 0;
		};
		674BF138272DAC33009E5AAF /* Frameworks */ = {
			isa = PBXFrameworksBuildPhase;
			buildActionMask = 2147483647;
			files = (
			);
			runOnlyForDeploymentPostprocessing = 0;
		};
/* End PBXFrameworksBuildPhase section */

/* Begin PBXGroup section */
		674BF111272DAC31009E5AAF = {
			isa = PBXGroup;
			children = (
				674BF11C272DAC31009E5AAF /* Football Live */,
				674BF133272DAC33009E5AAF /* Football LiveTests */,
				674BF13E272DAC33009E5AAF /* Football LiveUITests */,
				674BF11B272DAC31009E5AAF /* Products */,
			);
			sourceTree = "<group>";
		};
		674BF11B272DAC31009E5AAF /* Products */ = {
			isa = PBXGroup;
			children = (
				674BF11A272DAC31009E5AAF /* Football Live.app */,
				674BF130272DAC33009E5AAF /* Football LiveTests.xctest */,
				674BF13B272DAC33009E5AAF /* Football LiveUITests.xctest */,
			);
			name = Products;
			sourceTree = "<group>";
		};
		674BF11C272DAC31009E5AAF /* Football Live */ = {
			isa = PBXGroup;
			children = (
				674BF23C272DC6F9009E5AAF /* NetworkManager */,
				674BF1A2272DC0E7009E5AAF /* Database */,
				674BF156272DBCD8009E5AAF /* Helpers */,
				674BF20E272DC514009E5AAF /* Model */,
				674BF205272DC4F5009E5AAF /* View */,
				674BF24F272DC7DC009E5AAF /* Controller */,
				674BF11D272DAC31009E5AAF /* AppDelegate.swift */,
				674BF11F272DAC31009E5AAF /* SceneDelegate.swift */,
				674BF126272DAC33009E5AAF /* Assets.xcassets */,
				674BF128272DAC33009E5AAF /* LaunchScreen.storyboard */,
				674BF12B272DAC33009E5AAF /* Info.plist */,
			);
			path = "Football Live";
			sourceTree = "<group>";
		};
		674BF133272DAC33009E5AAF /* Football LiveTests */ = {
			isa = PBXGroup;
			children = (
				674BF134272DAC33009E5AAF /* Football_LiveTests.swift */,
				674BF136272DAC33009E5AAF /* Info.plist */,
			);
			path = "Football LiveTests";
			sourceTree = "<group>";
		};
		674BF13E272DAC33009E5AAF /* Football LiveUITests */ = {
			isa = PBXGroup;
			children = (
				674BF13F272DAC33009E5AAF /* Football_LiveUITests.swift */,
				674BF141272DAC33009E5AAF /* Info.plist */,
			);
			path = "Football LiveUITests";
			sourceTree = "<group>";
		};
		674BF156272DBCD8009E5AAF /* Helpers */ = {
			isa = PBXGroup;
			children = (
				674BF157272DBD05009E5AAF /* DateHelper.swift */,
				674BF245272DC72E009E5AAF /* Area.swift */,
				674BF24A272DC74C009E5AAF /* ColorsForMatchState.swift */,
			);
			path = Helpers;
			sourceTree = "<group>";
		};
		674BF1A2272DC0E7009E5AAF /* Database */ = {
			isa = PBXGroup;
			children = (
				674BF1B3272DC238009E5AAF /* Football.xcdatamodeld */,
				674BF1B9272DC278009E5AAF /* CoreDataManager.swift */,
			);
			path = Database;
			sourceTree = "<group>";
		};
		674BF1BE272DC2B5009E5AAF /* RootVC */ = {
			isa = PBXGroup;
			children = (
				674BF1BF272DC2CD009E5AAF /* RootVC.swift */,
			);
			path = RootVC;
			sourceTree = "<group>";
		};
		674BF1C7272DC2F3009E5AAF /* TabBarVC */ = {
			isa = PBXGroup;
			children = (
				674BF1D4272DC393009E5AAF /* Favorites */,
				674BF1CE272DC360009E5AAF /* Today */,
				674BF1C8272DC30D009E5AAF /* AllTabBarVC */,
			);
			path = TabBarVC;
			sourceTree = "<group>";
		};
		674BF1C8272DC30D009E5AAF /* AllTabBarVC */ = {
			isa = PBXGroup;
			children = (
				674BF1C9272DC34D009E5AAF /* TabBarVC.swift */,
			);
			path = AllTabBarVC;
			sourceTree = "<group>";
		};
		674BF1CE272DC360009E5AAF /* Today */ = {
			isa = PBXGroup;
			children = (
				674BF1CF272DC37E009E5AAF /* TodayVC.swift */,
			);
			path = Today;
			sourceTree = "<group>";
		};
		674BF1D4272DC393009E5AAF /* Favorites */ = {
			isa = PBXGroup;
			children = (
				674BF1D5272DC3B8009E5AAF /* FavoritesVC.swift */,
				674BF1DD272DC3DC009E5AAF /* SearchTeamVC.swift */,
			);
			path = Favorites;
			sourceTree = "<group>";
		};
		674BF1E4272DC429009E5AAF /* DatePicker */ = {
			isa = PBXGroup;
			children = (
				674BF1E5272DC454009E5AAF /* DatePickerVC.swift */,
				674BF1ED272DC473009E5AAF /* DateTableViewCell.swift */,
				674BF1F2272DC48D009E5AAF /* DatePickerTableViewCell.swift */,
			);
			path = DatePicker;
			sourceTree = "<group>";
		};
		674BF1F7272DC4AF009E5AAF /* Team */ = {
			isa = PBXGroup;
			children = (
				674BF1F8272DC4BF009E5AAF /* TeamDescriptionVC.swift */,
				674BF200272DC4D4009E5AAF /* TeamDetailVC.swift */,
			);
			path = Team;
			sourceTree = "<group>";
		};
		674BF205272DC4F5009E5AAF /* View */ = {
			isa = PBXGroup;
			children = (
				674BF206272DC500009E5AAF /* MatchOverviewCell.swift */,
			);
			path = View;
			sourceTree = "<group>";
		};
		674BF20E272DC514009E5AAF /* Model */ = {
			isa = PBXGroup;
			children = (
				674BF20F272DC553009E5AAF /* ModelMatchesResponse.swift */,
				674BF214272DC56C009E5AAF /* ModelMatch.swift */,
				674BF219272DC581009E5AAF /* ModelCompetition.swift */,
				674BF21E272DC59F009E5AAF /* ModelScore.swift */,
				674BF223272DC5B2009E5AAF /* ModelFullTime.swift */,
				674BF228272DC5C4009E5AAF /* ModelTeamDescription.swift */,
				674BF22D272DC5EA009E5AAF /* ModelActiveCompetition.swift */,
				674BF232272DC5FA009E5AAF /* ModelPlayer.swift */,
				674BF237272DC60C009E5AAF /* ModelTeams.swift */,
			);
			path = Model;
			sourceTree = "<group>";
		};
		674BF23C272DC6F9009E5AAF /* NetworkManager */ = {
			isa = PBXGroup;
			children = (
				674BF23D272DC70A009E5AAF /* NetworkManager.swift */,
			);
			path = NetworkManager;
			sourceTree = "<group>";
		};
		674BF24F272DC7DC009E5AAF /* Controller */ = {
			isa = PBXGroup;
			children = (
				674BF1BE272DC2B5009E5AAF /* RootVC */,
				674BF1C7272DC2F3009E5AAF /* TabBarVC */,
				674BF1E4272DC429009E5AAF /* DatePicker */,
				674BF1F7272DC4AF009E5AAF /* Team */,
			);
			path = Controller;
			sourceTree = "<group>";
		};
/* End PBXGroup section */

/* Begin PBXNativeTarget section */
		674BF119272DAC31009E5AAF /* Football Live */ = {
			isa = PBXNativeTarget;
			buildConfigurationList = 674BF144272DAC33009E5AAF /* Build configuration list for PBXNativeTarget "Football Live" */;
			buildPhases = (
				674BF116272DAC31009E5AAF /* Sources */,
				674BF117272DAC31009E5AAF /* Frameworks */,
				674BF118272DAC31009E5AAF /* Resources */,
			);
			buildRules = (
			);
			dependencies = (
			);
			name = "Football Live";
			productName = "Football Live";
			productReference = 674BF11A272DAC31009E5AAF /* Football Live.app */;
			productType = "com.apple.product-type.application";
		};
		674BF12F272DAC33009E5AAF /* Football LiveTests */ = {
			isa = PBXNativeTarget;
			buildConfigurationList = 674BF147272DAC33009E5AAF /* Build configuration list for PBXNativeTarget "Football LiveTests" */;
			buildPhases = (
				674BF12C272DAC33009E5AAF /* Sources */,
				674BF12D272DAC33009E5AAF /* Frameworks */,
				674BF12E272DAC33009E5AAF /* Resources */,
			);
			buildRules = (
			);
			dependencies = (
				674BF132272DAC33009E5AAF /* PBXTargetDependency */,
			);
			name = "Football LiveTests";
			productName = "Football LiveTests";
			productReference = 674BF130272DAC33009E5AAF /* Football LiveTests.xctest */;
			productType = "com.apple.product-type.bundle.unit-test";
		};
		674BF13A272DAC33009E5AAF /* Football LiveUITests */ = {
			isa = PBXNativeTarget;
			buildConfigurationList = 674BF14A272DAC33009E5AAF /* Build configuration list for PBXNativeTarget "Football LiveUITests" */;
			buildPhases = (
				674BF137272DAC33009E5AAF /* Sources */,
				674BF138272DAC33009E5AAF /* Frameworks */,
				674BF139272DAC33009E5AAF /* Resources */,
			);
			buildRules = (
			);
			dependencies = (
				674BF13D272DAC33009E5AAF /* PBXTargetDependency */,
			);
			name = "Football LiveUITests";
			productName = "Football LiveUITests";
			productReference = 674BF13B272DAC33009E5AAF /* Football LiveUITests.xctest */;
			productType = "com.apple.product-type.bundle.ui-testing";
		};
/* End PBXNativeTarget section */

/* Begin PBXProject section */
		674BF112272DAC31009E5AAF /* Project object */ = {
			isa = PBXProject;
			attributes = {
				LastSwiftUpdateCheck = 1240;
				LastUpgradeCheck = 1240;
				TargetAttributes = {
					674BF119272DAC31009E5AAF = {
						CreatedOnToolsVersion = 12.4;
					};
					674BF12F272DAC33009E5AAF = {
						CreatedOnToolsVersion = 12.4;
						TestTargetID = 674BF119272DAC31009E5AAF;
					};
					674BF13A272DAC33009E5AAF = {
						CreatedOnToolsVersion = 12.4;
						TestTargetID = 674BF119272DAC31009E5AAF;
					};
				};
			};
			buildConfigurationList = 674BF115272DAC31009E5AAF /* Build configuration list for PBXProject "Football Live" */;
			compatibilityVersion = "Xcode 9.3";
			developmentRegion = en;
			hasScannedForEncodings = 0;
			knownRegions = (
				en,
				Base,
			);
			mainGroup = 674BF111272DAC31009E5AAF;
			productRefGroup = 674BF11B272DAC31009E5AAF /* Products */;
			projectDirPath = "";
			projectRoot = "";
			targets = (
				674BF119272DAC31009E5AAF /* Football Live */,
				674BF12F272DAC33009E5AAF /* Football LiveTests */,
				674BF13A272DAC33009E5AAF /* Football LiveUITests */,
			);
		};
/* End PBXProject section */

/* Begin PBXResourcesBuildPhase section */
		674BF118272DAC31009E5AAF /* Resources */ = {
			isa = PBXResourcesBuildPhase;
			buildActionMask = 2147483647;
			files = (
				674BF12A272DAC33009E5AAF /* LaunchScreen.storyboard in Resources */,
				674BF127272DAC33009E5AAF /* Assets.xcassets in Resources */,
			);
			runOnlyForDeploymentPostprocessing = 0;
		};
		674BF12E272DAC33009E5AAF /* Resources */ = {
			isa = PBXResourcesBuildPhase;
			buildActionMask = 2147483647;
			files = (
			);
			runOnlyForDeploymentPostprocessing = 0;
		};
		674BF139272DAC33009E5AAF /* Resources */ = {
			isa = PBXResourcesBuildPhase;
			buildActionMask = 2147483647;
			files = (
			);
			runOnlyForDeploymentPostprocessing = 0;
		};
/* End PBXResourcesBuildPhase section */

/* Begin PBXSourcesBuildPhase section */
		674BF116272DAC31009E5AAF /* Sources */ = {
			isa = PBXSourcesBuildPhase;
			buildActionMask = 2147483647;
			files = (
				674BF23E272DC70A009E5AAF /* NetworkManager.swift in Sources */,
				674BF201272DC4D4009E5AAF /* TeamDetailVC.swift in Sources */,
				674BF207272DC500009E5AAF /* MatchOverviewCell.swift in Sources */,
				674BF21F272DC59F009E5AAF /* ModelScore.swift in Sources */,
				674BF1F9272DC4BF009E5AAF /* TeamDescriptionVC.swift in Sources */,
				674BF1DE272DC3DC009E5AAF /* SearchTeamVC.swift in Sources */,
				674BF224272DC5B2009E5AAF /* ModelFullTime.swift in Sources */,
				674BF238272DC60C009E5AAF /* ModelTeams.swift in Sources */,
				674BF1D6272DC3B8009E5AAF /* FavoritesVC.swift in Sources */,
				674BF22E272DC5EA009E5AAF /* ModelActiveCompetition.swift in Sources */,
				674BF1BA272DC278009E5AAF /* CoreDataManager.swift in Sources */,
				674BF233272DC5FA009E5AAF /* ModelPlayer.swift in Sources */,
				674BF1C0272DC2CD009E5AAF /* RootVC.swift in Sources */,
				674BF1F3272DC48D009E5AAF /* DatePickerTableViewCell.swift in Sources */,
				674BF158272DBD05009E5AAF /* DateHelper.swift in Sources */,
				674BF1B5272DC238009E5AAF /* Football.xcdatamodeld in Sources */,
				674BF11E272DAC31009E5AAF /* AppDelegate.swift in Sources */,
				674BF1D0272DC37E009E5AAF /* TodayVC.swift in Sources */,
				674BF21A272DC581009E5AAF /* ModelCompetition.swift in Sources */,
				674BF1EE272DC473009E5AAF /* DateTableViewCell.swift in Sources */,
				674BF1CA272DC34D009E5AAF /* TabBarVC.swift in Sources */,
				674BF246272DC72E009E5AAF /* Area.swift in Sources */,
				674BF1E6272DC454009E5AAF /* DatePickerVC.swift in Sources */,
				674BF210272DC553009E5AAF /* ModelMatchesResponse.swift in Sources */,
				674BF24B272DC74C009E5AAF /* ColorsForMatchState.swift in Sources */,
				674BF215272DC56C009E5AAF /* ModelMatch.swift in Sources */,
				674BF229272DC5C4009E5AAF /* ModelTeamDescription.swift in Sources */,
				674BF120272DAC31009E5AAF /* SceneDelegate.swift in Sources */,
			);
			runOnlyForDeploymentPostprocessing = 0;
		};
		674BF12C272DAC33009E5AAF /* Sources */ = {
			isa = PBXSourcesBuildPhase;
			buildActionMask = 2147483647;
			files = (
				674BF135272DAC33009E5AAF /* Football_LiveTests.swift in Sources */,
			);
			runOnlyForDeploymentPostprocessing = 0;
		};
		674BF137272DAC33009E5AAF /* Sources */ = {
			isa = PBXSourcesBuildPhase;
			buildActionMask = 2147483647;
			files = (
				674BF140272DAC33009E5AAF /* Football_LiveUITests.swift in Sources */,
			);
			runOnlyForDeploymentPostprocessing = 0;
		};
/* End PBXSourcesBuildPhase section */

/* Begin PBXTargetDependency section */
		674BF132272DAC33009E5AAF /* PBXTargetDependency */ = {
			isa = PBXTargetDependency;
			target = 674BF119272DAC31009E5AAF /* Football Live */;
			targetProxy = 674BF131272DAC33009E5AAF /* PBXContainerItemProxy */;
		};
		674BF13D272DAC33009E5AAF /* PBXTargetDependency */ = {
			isa = PBXTargetDependency;
			target = 674BF119272DAC31009E5AAF /* Football Live */;
			targetProxy = 674BF13C272DAC33009E5AAF /* PBXContainerItemProxy */;
		};
/* End PBXTargetDependency section */

/* Begin PBXVariantGroup section */
		674BF128272DAC33009E5AAF /* LaunchScreen.storyboard */ = {
			isa = PBXVariantGroup;
			children = (
				674BF129272DAC33009E5AAF /* Base */,
			);
			name = LaunchScreen.storyboard;
			sourceTree = "<group>";
		};
/* End PBXVariantGroup section */

/* Begin XCBuildConfiguration section */
		674BF142272DAC33009E5AAF /* Debug */ = {
			isa = XCBuildConfiguration;
			buildSettings = {
				ALWAYS_SEARCH_USER_PATHS = NO;
				CLANG_ANALYZER_NONNULL = YES;
				CLANG_ANALYZER_NUMBER_OBJECT_CONVERSION = YES_AGGRESSIVE;
				CLANG_CXX_LANGUAGE_STANDARD = "gnu++14";
				CLANG_CXX_LIBRARY = "libc++";
				CLANG_ENABLE_MODULES = YES;
				CLANG_ENABLE_OBJC_ARC = YES;
				CLANG_ENABLE_OBJC_WEAK = YES;
				CLANG_WARN_BLOCK_CAPTURE_AUTORELEASING = YES;
				CLANG_WARN_BOOL_CONVERSION = YES;
				CLANG_WARN_COMMA = YES;
				CLANG_WARN_CONSTANT_CONVERSION = YES;
				CLANG_WARN_DEPRECATED_OBJC_IMPLEMENTATIONS = YES;
				CLANG_WARN_DIRECT_OBJC_ISA_USAGE = YES_ERROR;
				CLANG_WARN_DOCUMENTATION_COMMENTS = YES;
				CLANG_WARN_EMPTY_BODY = YES;
				CLANG_WARN_ENUM_CONVERSION = YES;
				CLANG_WARN_INFINITE_RECURSION = YES;
				CLANG_WARN_INT_CONVERSION = YES;
				CLANG_WARN_NON_LITERAL_NULL_CONVERSION = YES;
				CLANG_WARN_OBJC_IMPLICIT_RETAIN_SELF = YES;
				CLANG_WARN_OBJC_LITERAL_CONVERSION = YES;
				CLANG_WARN_OBJC_ROOT_CLASS = YES_ERROR;
				CLANG_WARN_QUOTED_INCLUDE_IN_FRAMEWORK_HEADER = YES;
				CLANG_WARN_RANGE_LOOP_ANALYSIS = YES;
				CLANG_WARN_STRICT_PROTOTYPES = YES;
				CLANG_WARN_SUSPICIOUS_MOVE = YES;
				CLANG_WARN_UNGUARDED_AVAILABILITY = YES_AGGRESSIVE;
				CLANG_WARN_UNREACHABLE_CODE = YES;
				CLANG_WARN__DUPLICATE_METHOD_MATCH = YES;
				COPY_PHASE_STRIP = NO;
				DEBUG_INFORMATION_FORMAT = dwarf;
				ENABLE_STRICT_OBJC_MSGSEND = YES;
				ENABLE_TESTABILITY = YES;
				GCC_C_LANGUAGE_STANDARD = gnu11;
				GCC_DYNAMIC_NO_PIC = NO;
				GCC_NO_COMMON_BLOCKS = YES;
				GCC_OPTIMIZATION_LEVEL = 0;
				GCC_PREPROCESSOR_DEFINITIONS = (
					"DEBUG=1",
					"$(inherited)",
				);
				GCC_WARN_64_TO_32_BIT_CONVERSION = YES;
				GCC_WARN_ABOUT_RETURN_TYPE = YES_ERROR;
				GCC_WARN_UNDECLARED_SELECTOR = YES;
				GCC_WARN_UNINITIALIZED_AUTOS = YES_AGGRESSIVE;
				GCC_WARN_UNUSED_FUNCTION = YES;
				GCC_WARN_UNUSED_VARIABLE = YES;
				IPHONEOS_DEPLOYMENT_TARGET = 14.4;
				MTL_ENABLE_DEBUG_INFO = INCLUDE_SOURCE;
				MTL_FAST_MATH = YES;
				ONLY_ACTIVE_ARCH = YES;
				SDKROOT = iphoneos;
				SWIFT_ACTIVE_COMPILATION_CONDITIONS = DEBUG;
				SWIFT_OPTIMIZATION_LEVEL = "-Onone";
			};
			name = Debug;
		};
		674BF143272DAC33009E5AAF /* Release */ = {
			isa = XCBuildConfiguration;
			buildSettings = {
				ALWAYS_SEARCH_USER_PATHS = NO;
				CLANG_ANALYZER_NONNULL = YES;
				CLANG_ANALYZER_NUMBER_OBJECT_CONVERSION = YES_AGGRESSIVE;
				CLANG_CXX_LANGUAGE_STANDARD = "gnu++14";
				CLANG_CXX_LIBRARY = "libc++";
				CLANG_ENABLE_MODULES = YES;
				CLANG_ENABLE_OBJC_ARC = YES;
				CLANG_ENABLE_OBJC_WEAK = YES;
				CLANG_WARN_BLOCK_CAPTURE_AUTORELEASING = YES;
				CLANG_WARN_BOOL_CONVERSION = YES;
				CLANG_WARN_COMMA = YES;
				CLANG_WARN_CONSTANT_CONVERSION = YES;
				CLANG_WARN_DEPRECATED_OBJC_IMPLEMENTATIONS = YES;
				CLANG_WARN_DIRECT_OBJC_ISA_USAGE = YES_ERROR;
				CLANG_WARN_DOCUMENTATION_COMMENTS = YES;
				CLANG_WARN_EMPTY_BODY = YES;
				CLANG_WARN_ENUM_CONVERSION = YES;
				CLANG_WARN_INFINITE_RECURSION = YES;
				CLANG_WARN_INT_CONVERSION = YES;
				CLANG_WARN_NON_LITERAL_NULL_CONVERSION = YES;
				CLANG_WARN_OBJC_IMPLICIT_RETAIN_SELF = YES;
				CLANG_WARN_OBJC_LITERAL_CONVERSION = YES;
				CLANG_WARN_OBJC_ROOT_CLASS = YES_ERROR;
				CLANG_WARN_QUOTED_INCLUDE_IN_FRAMEWORK_HEADER = YES;
				CLANG_WARN_RANGE_LOOP_ANALYSIS = YES;
				CLANG_WARN_STRICT_PROTOTYPES = YES;
				CLANG_WARN_SUSPICIOUS_MOVE = YES;
				CLANG_WARN_UNGUARDED_AVAILABILITY = YES_AGGRESSIVE;
				CLANG_WARN_UNREACHABLE_CODE = YES;
				CLANG_WARN__DUPLICATE_METHOD_MATCH = YES;
				COPY_PHASE_STRIP = NO;
				DEBUG_INFORMATION_FORMAT = "dwarf-with-dsym";
				ENABLE_NS_ASSERTIONS = NO;
				ENABLE_STRICT_OBJC_MSGSEND = YES;
				GCC_C_LANGUAGE_STANDARD = gnu11;
				GCC_NO_COMMON_BLOCKS = YES;
				GCC_WARN_64_TO_32_BIT_CONVERSION = YES;
				GCC_WARN_ABOUT_RETURN_TYPE = YES_ERROR;
				GCC_WARN_UNDECLARED_SELECTOR = YES;
				GCC_WARN_UNINITIALIZED_AUTOS = YES_AGGRESSIVE;
				GCC_WARN_UNUSED_FUNCTION = YES;
				GCC_WARN_UNUSED_VARIABLE = YES;
				IPHONEOS_DEPLOYMENT_TARGET = 14.4;
				MTL_ENABLE_DEBUG_INFO = NO;
				MTL_FAST_MATH = YES;
				SDKROOT = iphoneos;
				SWIFT_COMPILATION_MODE = wholemodule;
				SWIFT_OPTIMIZATION_LEVEL = "-O";
				VALIDATE_PRODUCT = YES;
			};
			name = Release;
		};
		674BF145272DAC33009E5AAF /* Debug */ = {
			isa = XCBuildConfiguration;
			buildSettings = {
				ASSETCATALOG_COMPILER_APPICON_NAME = AppIcon;
				ASSETCATALOG_COMPILER_GLOBAL_ACCENT_COLOR_NAME = AccentColor;
				CODE_SIGN_STYLE = Automatic;
				DEVELOPMENT_TEAM = 268W7E23V8;
				INFOPLIST_FILE = "Football Live/Info.plist";
				LD_RUNPATH_SEARCH_PATHS = (
					"$(inherited)",
					"@executable_path/Frameworks",
				);
				PRODUCT_BUNDLE_IDENTIFIER = "devcanoe.Football-Live";
				PRODUCT_NAME = "$(TARGET_NAME)";
				SWIFT_VERSION = 5.0;
				TARGETED_DEVICE_FAMILY = "1,2";
			};
			name = Debug;
		};
		674BF146272DAC33009E5AAF /* Release */ = {
			isa = XCBuildConfiguration;
			buildSettings = {
				ASSETCATALOG_COMPILER_APPICON_NAME = AppIcon;
				ASSETCATALOG_COMPILER_GLOBAL_ACCENT_COLOR_NAME = AccentColor;
				CODE_SIGN_STYLE = Automatic;
				DEVELOPMENT_TEAM = 268W7E23V8;
				INFOPLIST_FILE = "Football Live/Info.plist";
				LD_RUNPATH_SEARCH_PATHS = (
					"$(inherited)",
					"@executable_path/Frameworks",
				);
				PRODUCT_BUNDLE_IDENTIFIER = "devcanoe.Football-Live";
				PRODUCT_NAME = "$(TARGET_NAME)";
				SWIFT_VERSION = 5.0;
				TARGETED_DEVICE_FAMILY = "1,2";
			};
			name = Release;
		};
		674BF148272DAC33009E5AAF /* Debug */ = {
			isa = XCBuildConfiguration;
			buildSettings = {
				ALWAYS_EMBED_SWIFT_STANDARD_LIBRARIES = YES;
				BUNDLE_LOADER = "$(TEST_HOST)";
				CODE_SIGN_STYLE = Automatic;
				DEVELOPMENT_TEAM = 268W7E23V8;
				INFOPLIST_FILE = "Football LiveTests/Info.plist";
				IPHONEOS_DEPLOYMENT_TARGET = 14.4;
				LD_RUNPATH_SEARCH_PATHS = (
					"$(inherited)",
					"@executable_path/Frameworks",
					"@loader_path/Frameworks",
				);
				PRODUCT_BUNDLE_IDENTIFIER = "devcanoe.Football-LiveTests";
				PRODUCT_NAME = "$(TARGET_NAME)";
				SWIFT_VERSION = 5.0;
				TARGETED_DEVICE_FAMILY = "1,2";
				TEST_HOST = "$(BUILT_PRODUCTS_DIR)/Football Live.app/Football Live";
			};
			name = Debug;
		};
		674BF149272DAC33009E5AAF /* Release */ = {
			isa = XCBuildConfiguration;
			buildSettings = {
				ALWAYS_EMBED_SWIFT_STANDARD_LIBRARIES = YES;
				BUNDLE_LOADER = "$(TEST_HOST)";
				CODE_SIGN_STYLE = Automatic;
				DEVELOPMENT_TEAM = 268W7E23V8;
				INFOPLIST_FILE = "Football LiveTests/Info.plist";
				IPHONEOS_DEPLOYMENT_TARGET = 14.4;
				LD_RUNPATH_SEARCH_PATHS = (
					"$(inherited)",
					"@executable_path/Frameworks",
					"@loader_path/Frameworks",
				);
				PRODUCT_BUNDLE_IDENTIFIER = "devcanoe.Football-LiveTests";
				PRODUCT_NAME = "$(TARGET_NAME)";
				SWIFT_VERSION = 5.0;
				TARGETED_DEVICE_FAMILY = "1,2";
				TEST_HOST = "$(BUILT_PRODUCTS_DIR)/Football Live.app/Football Live";
			};
			name = Release;
		};
		674BF14B272DAC33009E5AAF /* Debug */ = {
			isa = XCBuildConfiguration;
			buildSettings = {
				ALWAYS_EMBED_SWIFT_STANDARD_LIBRARIES = YES;
				CODE_SIGN_STYLE = Automatic;
				DEVELOPMENT_TEAM = 268W7E23V8;
				INFOPLIST_FILE = "Football LiveUITests/Info.plist";
				LD_RUNPATH_SEARCH_PATHS = (
					"$(inherited)",
					"@executable_path/Frameworks",
					"@loader_path/Frameworks",
				);
				PRODUCT_BUNDLE_IDENTIFIER = "devcanoe.Football-LiveUITests";
				PRODUCT_NAME = "$(TARGET_NAME)";
				SWIFT_VERSION = 5.0;
				TARGETED_DEVICE_FAMILY = "1,2";
				TEST_TARGET_NAME = "Football Live";
			};
			name = Debug;
		};
		674BF14C272DAC33009E5AAF /* Release */ = {
			isa = XCBuildConfiguration;
			buildSettings = {
				ALWAYS_EMBED_SWIFT_STANDARD_LIBRARIES = YES;
				CODE_SIGN_STYLE = Automatic;
				DEVELOPMENT_TEAM = 268W7E23V8;
				INFOPLIST_FILE = "Football LiveUITests/Info.plist";
				LD_RUNPATH_SEARCH_PATHS = (
					"$(inherited)",
					"@executable_path/Frameworks",
					"@loader_path/Frameworks",
				);
				PRODUCT_BUNDLE_IDENTIFIER = "devcanoe.Football-LiveUITests";
				PRODUCT_NAME = "$(TARGET_NAME)";
				SWIFT_VERSION = 5.0;
				TARGETED_DEVICE_FAMILY = "1,2";
				TEST_TARGET_NAME = "Football Live";
			};
			name = Release;
		};
/* End XCBuildConfiguration section */

/* Begin XCConfigurationList section */
		674BF115272DAC31009E5AAF /* Build configuration list for PBXProject "Football Live" */ = {
			isa = XCConfigurationList;
			buildConfigurations = (
				674BF142272DAC33009E5AAF /* Debug */,
				674BF143272DAC33009E5AAF /* Release */,
			);
			defaultConfigurationIsVisible = 0;
			defaultConfigurationName = Release;
		};
		674BF144272DAC33009E5AAF /* Build configuration list for PBXNativeTarget "Football Live" */ = {
			isa = XCConfigurationList;
			buildConfigurations = (
				674BF145272DAC33009E5AAF /* Debug */,
				674BF146272DAC33009E5AAF /* Release */,
			);
			defaultConfigurationIsVisible = 0;
			defaultConfigurationName = Release;
		};
		674BF147272DAC33009E5AAF /* Build configuration list for PBXNativeTarget "Football LiveTests" */ = {
			isa = XCConfigurationList;
			buildConfigurations = (
				674BF148272DAC33009E5AAF /* Debug */,
				674BF149272DAC33009E5AAF /* Release */,
			);
			defaultConfigurationIsVisible = 0;
			defaultConfigurationName = Release;
		};
		674BF14A272DAC33009E5AAF /* Build configuration list for PBXNativeTarget "Football LiveUITests" */ = {
			isa = XCConfigurationList;
			buildConfigurations = (
				674BF14B272DAC33009E5AAF /* Debug */,
				674BF14C272DAC33009E5AAF /* Release */,
			);
			defaultConfigurationIsVisible = 0;
			defaultConfigurationName = Release;
		};
/* End XCConfigurationList section */

/* Begin XCVersionGroup section */
		674BF1B3272DC238009E5AAF /* Football.xcdatamodeld */ = {
			isa = XCVersionGroup;
			children = (
				674BF1B4272DC238009E5AAF /* Football.xcdatamodel */,
			);
			currentVersion = 674BF1B4272DC238009E5AAF /* Football.xcdatamodel */;
			name = Football.xcdatamodeld;
			path = "../../../../../Downloads/myFootball-e15c27aabb2e987c162119be9ef1bb771ae8838a 2/myFootball/myFootball/CoreData/Football.xcdatamodeld";
			sourceTree = "<group>";
			versionGroupType = wrapper.xcdatamodel;
		};
/* End XCVersionGroup section */
	};
	rootObject = 674BF112272DAC31009E5AAF /* Project object */;
}
